// !$*UTF8*$!
{
	archiveVersion = 1;
	classes = {
	};
	objectVersion = 50;
	objects = {

/* Begin PBXBuildFile section */
		2DBD24FC24D4A0FF002DFFAE /* CommentsTableViewCell.swift in Sources */ = {isa = PBXBuildFile; fileRef = 2DBD24FB24D4A0FF002DFFAE /* CommentsTableViewCell.swift */; };
		84951F7E24D4781700271113 /* AppDelegate.swift in Sources */ = {isa = PBXBuildFile; fileRef = 84951F7D24D4781700271113 /* AppDelegate.swift */; };
		84951F8024D4781700271113 /* SceneDelegate.swift in Sources */ = {isa = PBXBuildFile; fileRef = 84951F7F24D4781700271113 /* SceneDelegate.swift */; };
		84951F8524D4781700271113 /* Main.storyboard in Resources */ = {isa = PBXBuildFile; fileRef = 84951F8324D4781700271113 /* Main.storyboard */; };
		84951F8724D4781B00271113 /* Assets.xcassets in Resources */ = {isa = PBXBuildFile; fileRef = 84951F8624D4781B00271113 /* Assets.xcassets */; };
		84951F8A24D4781B00271113 /* LaunchScreen.storyboard in Resources */ = {isa = PBXBuildFile; fileRef = 84951F8824D4781B00271113 /* LaunchScreen.storyboard */; };
		84951F9624D483EF00271113 /* StartViewController.swift in Sources */ = {isa = PBXBuildFile; fileRef = 84951F9524D483EF00271113 /* StartViewController.swift */; };
		84951F9824D4875800271113 /* CommentViewController.storyboard in Resources */ = {isa = PBXBuildFile; fileRef = 84951F9724D4875800271113 /* CommentViewController.storyboard */; };
		84951F9A24D4877A00271113 /* CommentViewController.swift in Sources */ = {isa = PBXBuildFile; fileRef = 84951F9924D4877A00271113 /* CommentViewController.swift */; };
		84FB37ED24D4927400DCD835 /* AppsCollectionViewCell.swift in Sources */ = {isa = PBXBuildFile; fileRef = 84FB37EC24D4927400DCD835 /* AppsCollectionViewCell.swift */; };
		84FB37F024D495FA00DCD835 /* UIView+Ext.swift in Sources */ = {isa = PBXBuildFile; fileRef = 84FB37EF24D495FA00DCD835 /* UIView+Ext.swift */; };
		84FB37F224D4B0D400DCD835 /* CollectionTableViewCell.swift in Sources */ = {isa = PBXBuildFile; fileRef = 84FB37F124D4B0D400DCD835 /* CollectionTableViewCell.swift */; };
		A56C3A9824D47C44001A4543 /* App.swift in Sources */ = {isa = PBXBuildFile; fileRef = A56C3A9724D47C44001A4543 /* App.swift */; };
		A56C3A9A24D47C9F001A4543 /* ClassifierService.swift in Sources */ = {isa = PBXBuildFile; fileRef = A56C3A9924D47C9F001A4543 /* ClassifierService.swift */; };
		A56C3A9C24D47CBD001A4543 /* AppStoreService.swift in Sources */ = {isa = PBXBuildFile; fileRef = A56C3A9B24D47CBD001A4543 /* AppStoreService.swift */; };
		A5B3C60424D4A3860073E98B /* Review.swift in Sources */ = {isa = PBXBuildFile; fileRef = A5B3C60324D4A3860073E98B /* Review.swift */; };
/* End PBXBuildFile section */

/* Begin PBXFileReference section */
		2DBD24FB24D4A0FF002DFFAE /* CommentsTableViewCell.swift */ = {isa = PBXFileReference; lastKnownFileType = sourcecode.swift; path = CommentsTableViewCell.swift; sourceTree = "<group>"; };
		84951F7A24D4781700271113 /* techBirds.app */ = {isa = PBXFileReference; explicitFileType = wrapper.application; includeInIndex = 0; path = techBirds.app; sourceTree = BUILT_PRODUCTS_DIR; };
		84951F7D24D4781700271113 /* AppDelegate.swift */ = {isa = PBXFileReference; lastKnownFileType = sourcecode.swift; path = AppDelegate.swift; sourceTree = "<group>"; };
		84951F7F24D4781700271113 /* SceneDelegate.swift */ = {isa = PBXFileReference; lastKnownFileType = sourcecode.swift; path = SceneDelegate.swift; sourceTree = "<group>"; };
		84951F8424D4781700271113 /* Base */ = {isa = PBXFileReference; lastKnownFileType = file.storyboard; name = Base; path = Base.lproj/Main.storyboard; sourceTree = "<group>"; };
		84951F8624D4781B00271113 /* Assets.xcassets */ = {isa = PBXFileReference; lastKnownFileType = folder.assetcatalog; path = Assets.xcassets; sourceTree = "<group>"; };
		84951F8924D4781B00271113 /* Base */ = {isa = PBXFileReference; lastKnownFileType = file.storyboard; name = Base; path = Base.lproj/LaunchScreen.storyboard; sourceTree = "<group>"; };
		84951F8B24D4781B00271113 /* Info.plist */ = {isa = PBXFileReference; lastKnownFileType = text.plist.xml; path = Info.plist; sourceTree = "<group>"; };
		84951F9524D483EF00271113 /* StartViewController.swift */ = {isa = PBXFileReference; lastKnownFileType = sourcecode.swift; path = StartViewController.swift; sourceTree = "<group>"; };
		84951F9724D4875800271113 /* CommentViewController.storyboard */ = {isa = PBXFileReference; lastKnownFileType = file.storyboard; path = CommentViewController.storyboard; sourceTree = "<group>"; };
		84951F9924D4877A00271113 /* CommentViewController.swift */ = {isa = PBXFileReference; lastKnownFileType = sourcecode.swift; path = CommentViewController.swift; sourceTree = "<group>"; };
		84FB37EC24D4927400DCD835 /* AppsCollectionViewCell.swift */ = {isa = PBXFileReference; lastKnownFileType = sourcecode.swift; path = AppsCollectionViewCell.swift; sourceTree = "<group>"; };
		84FB37EF24D495FA00DCD835 /* UIView+Ext.swift */ = {isa = PBXFileReference; lastKnownFileType = sourcecode.swift; path = "UIView+Ext.swift"; sourceTree = "<group>"; };
		84FB37F124D4B0D400DCD835 /* CollectionTableViewCell.swift */ = {isa = PBXFileReference; lastKnownFileType = sourcecode.swift; path = CollectionTableViewCell.swift; sourceTree = "<group>"; };
		A56C3A9724D47C44001A4543 /* App.swift */ = {isa = PBXFileReference; lastKnownFileType = sourcecode.swift; path = App.swift; sourceTree = "<group>"; };
		A56C3A9924D47C9F001A4543 /* ClassifierService.swift */ = {isa = PBXFileReference; lastKnownFileType = sourcecode.swift; path = ClassifierService.swift; sourceTree = "<group>"; };
		A56C3A9B24D47CBD001A4543 /* AppStoreService.swift */ = {isa = PBXFileReference; lastKnownFileType = sourcecode.swift; path = AppStoreService.swift; sourceTree = "<group>"; };
		A5B3C60324D4A3860073E98B /* Review.swift */ = {isa = PBXFileReference; lastKnownFileType = sourcecode.swift; path = Review.swift; sourceTree = "<group>"; };
/* End PBXFileReference section */

/* Begin PBXFrameworksBuildPhase section */
		84951F7724D4781700271113 /* Frameworks */ = {
			isa = PBXFrameworksBuildPhase;
			buildActionMask = 2147483647;
			files = (
			);
			runOnlyForDeploymentPostprocessing = 0;
		};
/* End PBXFrameworksBuildPhase section */

/* Begin PBXGroup section */
		84951F7124D4781700271113 = {
			isa = PBXGroup;
			children = (
				84951F7C24D4781700271113 /* techBirds */,
				84951F7B24D4781700271113 /* Products */,
			);
			sourceTree = "<group>";
		};
		84951F7B24D4781700271113 /* Products */ = {
			isa = PBXGroup;
			children = (
				84951F7A24D4781700271113 /* techBirds.app */,
			);
			name = Products;
			sourceTree = "<group>";
		};
		84951F7C24D4781700271113 /* techBirds */ = {
			isa = PBXGroup;
			children = (
				A56C3A9E24D47CD0001A4543 /* App */,
				A56C3A9D24D47CC2001A4543 /* Services */,
				A5B3C60524D4A38A0073E98B /* Models */,
				84951F9424D4805300271113 /* VC */,
				84951F8324D4781700271113 /* Main.storyboard */,
				84FB37EE24D495D800DCD835 /* Extensions */,
				84951F8624D4781B00271113 /* Assets.xcassets */,
				84951F8824D4781B00271113 /* LaunchScreen.storyboard */,
				84951F8B24D4781B00271113 /* Info.plist */,
			);
			path = techBirds;
			sourceTree = "<group>";
		};
		84951F9424D4805300271113 /* VC */ = {
			isa = PBXGroup;
			children = (
				84C8101324D4BED500F843E8 /* StartViewController */,
				84C8101424D4BF2300F843E8 /* CommentViewController */,
			);
			path = VC;
			sourceTree = "<group>";
		};
		84C8101324D4BED500F843E8 /* StartViewController */ = {
			isa = PBXGroup;
			children = (
				84951F9524D483EF00271113 /* StartViewController.swift */,
				84FB37F124D4B0D400DCD835 /* CollectionTableViewCell.swift */,
				84FB37EC24D4927400DCD835 /* AppsCollectionViewCell.swift */,
			);
			path = StartViewController;
			sourceTree = "<group>";
		};
		84C8101424D4BF2300F843E8 /* CommentViewController */ = {
			isa = PBXGroup;
			children = (
				84951F9724D4875800271113 /* CommentViewController.storyboard */,
				84951F9924D4877A00271113 /* CommentViewController.swift */,
				2DBD24FB24D4A0FF002DFFAE /* CommentsTableViewCell.swift */,
			);
			path = CommentViewController;
			sourceTree = "<group>";
		};
		84FB37EE24D495D800DCD835 /* Extensions */ = {
			isa = PBXGroup;
			children = (
				84FB37EF24D495FA00DCD835 /* UIView+Ext.swift */,
			);
			path = Extensions;
			sourceTree = "<group>";
		};
		A56C3A9D24D47CC2001A4543 /* Services */ = {
			isa = PBXGroup;
			children = (
				A56C3A9B24D47CBD001A4543 /* AppStoreService.swift */,
				A56C3A9924D47C9F001A4543 /* ClassifierService.swift */,
			);
			path = Services;
			sourceTree = "<group>";
		};
		A56C3A9E24D47CD0001A4543 /* App */ = {
			isa = PBXGroup;
			children = (
				A56C3A9724D47C44001A4543 /* App.swift */,
				84951F7D24D4781700271113 /* AppDelegate.swift */,
				84951F7F24D4781700271113 /* SceneDelegate.swift */,
			);
			path = App;
			sourceTree = "<group>";
		};
		A5B3C60524D4A38A0073E98B /* Models */ = {
			isa = PBXGroup;
			children = (
				A5B3C60324D4A3860073E98B /* Review.swift */,
			);
			path = Models;
			sourceTree = "<group>";
		};
/* End PBXGroup section */

/* Begin PBXNativeTarget section */
		84951F7924D4781700271113 /* techBirds */ = {
			isa = PBXNativeTarget;
			buildConfigurationList = 84951F8E24D4781B00271113 /* Build configuration list for PBXNativeTarget "techBirds" */;
			buildPhases = (
				84951F7624D4781700271113 /* Sources */,
				84951F7724D4781700271113 /* Frameworks */,
				84951F7824D4781700271113 /* Resources */,
			);
			buildRules = (
			);
			dependencies = (
			);
			name = techBirds;
			productName = techBirds;
			productReference = 84951F7A24D4781700271113 /* techBirds.app */;
			productType = "com.apple.product-type.application";
		};
/* End PBXNativeTarget section */

/* Begin PBXProject section */
		84951F7224D4781700271113 /* Project object */ = {
			isa = PBXProject;
			attributes = {
				LastSwiftUpdateCheck = 1160;
				LastUpgradeCheck = 1160;
				ORGANIZATIONNAME = techBirds;
				TargetAttributes = {
					84951F7924D4781700271113 = {
						CreatedOnToolsVersion = 11.6;
					};
				};
			};
			buildConfigurationList = 84951F7524D4781700271113 /* Build configuration list for PBXProject "techBirds" */;
			compatibilityVersion = "Xcode 9.3";
			developmentRegion = en;
			hasScannedForEncodings = 0;
			knownRegions = (
				en,
				Base,
			);
			mainGroup = 84951F7124D4781700271113;
			productRefGroup = 84951F7B24D4781700271113 /* Products */;
			projectDirPath = "";
			projectRoot = "";
			targets = (
				84951F7924D4781700271113 /* techBirds */,
			);
		};
/* End PBXProject section */

/* Begin PBXResourcesBuildPhase section */
		84951F7824D4781700271113 /* Resources */ = {
			isa = PBXResourcesBuildPhase;
			buildActionMask = 2147483647;
			files = (
				84951F8A24D4781B00271113 /* LaunchScreen.storyboard in Resources */,
				84951F8724D4781B00271113 /* Assets.xcassets in Resources */,
				84951F9824D4875800271113 /* CommentViewController.storyboard in Resources */,
				84951F8524D4781700271113 /* Main.storyboard in Resources */,
			);
			runOnlyForDeploymentPostprocessing = 0;
		};
/* End PBXResourcesBuildPhase section */

/* Begin PBXSourcesBuildPhase section */
		84951F7624D4781700271113 /* Sources */ = {
			isa = PBXSourcesBuildPhase;
			buildActionMask = 2147483647;
			files = (
				84951F9A24D4877A00271113 /* CommentViewController.swift in Sources */,
				A5B3C60424D4A3860073E98B /* Review.swift in Sources */,
				A56C3A9A24D47C9F001A4543 /* ClassifierService.swift in Sources */,
				84FB37ED24D4927400DCD835 /* AppsCollectionViewCell.swift in Sources */,
				A56C3A9824D47C44001A4543 /* App.swift in Sources */,
				84951F7E24D4781700271113 /* AppDelegate.swift in Sources */,
				84FB37F224D4B0D400DCD835 /* CollectionTableViewCell.swift in Sources */,
				84FB37F024D495FA00DCD835 /* UIView+Ext.swift in Sources */,
				84951F8024D4781700271113 /* SceneDelegate.swift in Sources */,
				2DBD24FC24D4A0FF002DFFAE /* CommentsTableViewCell.swift in Sources */,
				A56C3A9C24D47CBD001A4543 /* AppStoreService.swift in Sources */,
				84951F9624D483EF00271113 /* StartViewController.swift in Sources */,
			);
			runOnlyForDeploymentPostprocessing = 0;
		};
/* End PBXSourcesBuildPhase section */

/* Begin PBXVariantGroup section */
		84951F8324D4781700271113 /* Main.storyboard */ = {
			isa = PBXVariantGroup;
			children = (
				84951F8424D4781700271113 /* Base */,
			);
			name = Main.storyboard;
			sourceTree = "<group>";
		};
		84951F8824D4781B00271113 /* LaunchScreen.storyboard */ = {
			isa = PBXVariantGroup;
			children = (
				84951F8924D4781B00271113 /* Base */,
			);
			name = LaunchScreen.storyboard;
			sourceTree = "<group>";
		};
/* End PBXVariantGroup section */

/* Begin XCBuildConfiguration section */
		84951F8C24D4781B00271113 /* Debug */ = {
			isa = XCBuildConfiguration;
			buildSettings = {
				ALWAYS_SEARCH_USER_PATHS = NO;
				CLANG_ANALYZER_NONNULL = YES;
				CLANG_ANALYZER_NUMBER_OBJECT_CONVERSION = YES_AGGRESSIVE;
				CLANG_CXX_LANGUAGE_STANDARD = "gnu++14";
				CLANG_CXX_LIBRARY = "libc++";
				CLANG_ENABLE_MODULES = YES;
				CLANG_ENABLE_OBJC_ARC = YES;
				CLANG_ENABLE_OBJC_WEAK = YES;
				CLANG_WARN_BLOCK_CAPTURE_AUTORELEASING = YES;
				CLANG_WARN_BOOL_CONVERSION = YES;
				CLANG_WARN_COMMA = YES;
				CLANG_WARN_CONSTANT_CONVERSION = YES;
				CLANG_WARN_DEPRECATED_OBJC_IMPLEMENTATIONS = YES;
				CLANG_WARN_DIRECT_OBJC_ISA_USAGE = YES_ERROR;
				CLANG_WARN_DOCUMENTATION_COMMENTS = YES;
				CLANG_WARN_EMPTY_BODY = YES;
				CLANG_WARN_ENUM_CONVERSION = YES;
				CLANG_WARN_INFINITE_RECURSION = YES;
				CLANG_WARN_INT_CONVERSION = YES;
				CLANG_WARN_NON_LITERAL_NULL_CONVERSION = YES;
				CLANG_WARN_OBJC_IMPLICIT_RETAIN_SELF = YES;
				CLANG_WARN_OBJC_LITERAL_CONVERSION = YES;
				CLANG_WARN_OBJC_ROOT_CLASS = YES_ERROR;
				CLANG_WARN_RANGE_LOOP_ANALYSIS = YES;
				CLANG_WARN_STRICT_PROTOTYPES = YES;
				CLANG_WARN_SUSPICIOUS_MOVE = YES;
				CLANG_WARN_UNGUARDED_AVAILABILITY = YES_AGGRESSIVE;
				CLANG_WARN_UNREACHABLE_CODE = YES;
				CLANG_WARN__DUPLICATE_METHOD_MATCH = YES;
				COPY_PHASE_STRIP = NO;
				DEBUG_INFORMATION_FORMAT = dwarf;
				ENABLE_STRICT_OBJC_MSGSEND = YES;
				ENABLE_TESTABILITY = YES;
				GCC_C_LANGUAGE_STANDARD = gnu11;
				GCC_DYNAMIC_NO_PIC = NO;
				GCC_NO_COMMON_BLOCKS = YES;
				GCC_OPTIMIZATION_LEVEL = 0;
				GCC_PREPROCESSOR_DEFINITIONS = (
					"DEBUG=1",
					"$(inherited)",
				);
				GCC_WARN_64_TO_32_BIT_CONVERSION = YES;
				GCC_WARN_ABOUT_RETURN_TYPE = YES_ERROR;
				GCC_WARN_UNDECLARED_SELECTOR = YES;
				GCC_WARN_UNINITIALIZED_AUTOS = YES_AGGRESSIVE;
				GCC_WARN_UNUSED_FUNCTION = YES;
				GCC_WARN_UNUSED_VARIABLE = YES;
				IPHONEOS_DEPLOYMENT_TARGET = 13.6;
				MTL_ENABLE_DEBUG_INFO = INCLUDE_SOURCE;
				MTL_FAST_MATH = YES;
				ONLY_ACTIVE_ARCH = YES;
				SDKROOT = iphoneos;
				SWIFT_ACTIVE_COMPILATION_CONDITIONS = DEBUG;
				SWIFT_OPTIMIZATION_LEVEL = "-Onone";
			};
			name = Debug;
		};
		84951F8D24D4781B00271113 /* Release */ = {
			isa = XCBuildConfiguration;
			buildSettings = {
				ALWAYS_SEARCH_USER_PATHS = NO;
				CLANG_ANALYZER_NONNULL = YES;
				CLANG_ANALYZER_NUMBER_OBJECT_CONVERSION = YES_AGGRESSIVE;
				CLANG_CXX_LANGUAGE_STANDARD = "gnu++14";
				CLANG_CXX_LIBRARY = "libc++";
				CLANG_ENABLE_MODULES = YES;
				CLANG_ENABLE_OBJC_ARC = YES;
				CLANG_ENABLE_OBJC_WEAK = YES;
				CLANG_WARN_BLOCK_CAPTURE_AUTORELEASING = YES;
				CLANG_WARN_BOOL_CONVERSION = YES;
				CLANG_WARN_COMMA = YES;
				CLANG_WARN_CONSTANT_CONVERSION = YES;
				CLANG_WARN_DEPRECATED_OBJC_IMPLEMENTATIONS = YES;
				CLANG_WARN_DIRECT_OBJC_ISA_USAGE = YES_ERROR;
				CLANG_WARN_DOCUMENTATION_COMMENTS = YES;
				CLANG_WARN_EMPTY_BODY = YES;
				CLANG_WARN_ENUM_CONVERSION = YES;
				CLANG_WARN_INFINITE_RECURSION = YES;
				CLANG_WARN_INT_CONVERSION = YES;
				CLANG_WARN_NON_LITERAL_NULL_CONVERSION = YES;
				CLANG_WARN_OBJC_IMPLICIT_RETAIN_SELF = YES;
				CLANG_WARN_OBJC_LITERAL_CONVERSION = YES;
				CLANG_WARN_OBJC_ROOT_CLASS = YES_ERROR;
				CLANG_WARN_RANGE_LOOP_ANALYSIS = YES;
				CLANG_WARN_STRICT_PROTOTYPES = YES;
				CLANG_WARN_SUSPICIOUS_MOVE = YES;
				CLANG_WARN_UNGUARDED_AVAILABILITY = YES_AGGRESSIVE;
				CLANG_WARN_UNREACHABLE_CODE = YES;
				CLANG_WARN__DUPLICATE_METHOD_MATCH = YES;
				COPY_PHASE_STRIP = NO;
				DEBUG_INFORMATION_FORMAT = "dwarf-with-dsym";
				ENABLE_NS_ASSERTIONS = NO;
				ENABLE_STRICT_OBJC_MSGSEND = YES;
				GCC_C_LANGUAGE_STANDARD = gnu11;
				GCC_NO_COMMON_BLOCKS = YES;
				GCC_WARN_64_TO_32_BIT_CONVERSION = YES;
				GCC_WARN_ABOUT_RETURN_TYPE = YES_ERROR;
				GCC_WARN_UNDECLARED_SELECTOR = YES;
				GCC_WARN_UNINITIALIZED_AUTOS = YES_AGGRESSIVE;
				GCC_WARN_UNUSED_FUNCTION = YES;
				GCC_WARN_UNUSED_VARIABLE = YES;
				IPHONEOS_DEPLOYMENT_TARGET = 13.6;
				MTL_ENABLE_DEBUG_INFO = NO;
				MTL_FAST_MATH = YES;
				SDKROOT = iphoneos;
				SWIFT_COMPILATION_MODE = wholemodule;
				SWIFT_OPTIMIZATION_LEVEL = "-O";
				VALIDATE_PRODUCT = YES;
			};
			name = Release;
		};
		84951F8F24D4781B00271113 /* Debug */ = {
			isa = XCBuildConfiguration;
			buildSettings = {
				ASSETCATALOG_COMPILER_APPICON_NAME = AppIcon;
				CODE_SIGN_STYLE = Automatic;
				DEVELOPMENT_TEAM = X7A879TDJR;
				INFOPLIST_FILE = techBirds/Info.plist;
				IPHONEOS_DEPLOYMENT_TARGET = 13.0;
				LD_RUNPATH_SEARCH_PATHS = (
					"$(inherited)",
					"@executable_path/Frameworks",
				);
				PRODUCT_BUNDLE_IDENTIFIER = techBirds.techBirds;
				PRODUCT_NAME = "$(TARGET_NAME)";
				SWIFT_VERSION = 5.0;
				TARGETED_DEVICE_FAMILY = 1;
			};
			name = Debug;
		};
		84951F9024D4781B00271113 /* Release */ = {
			isa = XCBuildConfiguration;
			buildSettings = {
				ASSETCATALOG_COMPILER_APPICON_NAME = AppIcon;
				CODE_SIGN_STYLE = Automatic;
				DEVELOPMENT_TEAM = X7A879TDJR;
				INFOPLIST_FILE = techBirds/Info.plist;
				IPHONEOS_DEPLOYMENT_TARGET = 13.0;
				LD_RUNPATH_SEARCH_PATHS = (
					"$(inherited)",
					"@executable_path/Frameworks",
				);
				PRODUCT_BUNDLE_IDENTIFIER = techBirds.techBirds;
				PRODUCT_NAME = "$(TARGET_NAME)";
				SWIFT_VERSION = 5.0;
				TARGETED_DEVICE_FAMILY = 1;
			};
			name = Release;
		};
/* End XCBuildConfiguration section */

/* Begin XCConfigurationList section */
		84951F7524D4781700271113 /* Build configuration list for PBXProject "techBirds" */ = {
			isa = XCConfigurationList;
			buildConfigurations = (
				84951F8C24D4781B00271113 /* Debug */,
				84951F8D24D4781B00271113 /* Release */,
			);
			defaultConfigurationIsVisible = 0;
			defaultConfigurationName = Release;
		};
		84951F8E24D4781B00271113 /* Build configuration list for PBXNativeTarget "techBirds" */ = {
			isa = XCConfigurationList;
			buildConfigurations = (
				84951F8F24D4781B00271113 /* Debug */,
				84951F9024D4781B00271113 /* Release */,
			);
			defaultConfigurationIsVisible = 0;
			defaultConfigurationName = Release;
		};
/* End XCConfigurationList section */
	};
	rootObject = 84951F7224D4781700271113 /* Project object */;
}
